# This file is autogenerated, do not edit; changes may be undone by the next 'dep ensure'.


[[projects]]
  name = "github.com/Microsoft/go-winio"
  packages = ["."]
  revision = "7da180ee92d8bd8bb8c37fc560e673e6557c392f"
  version = "v0.4.7"

[[projects]]
  branch = "master"
  name = "github.com/docker/distribution"
  packages = [
    "digestset",
    "reference"
  ]
  revision = "6664ec703991875e14419ff4960921cce7678bab"

[[projects]]
  branch = "master"
  name = "github.com/docker/docker"
  packages = [
    "api",
    "api/types",
    "api/types/blkiodev",
    "api/types/container",
    "api/types/events",
    "api/types/filters",
    "api/types/image",
    "api/types/mount",
    "api/types/network",
    "api/types/registry",
    "api/types/strslice",
    "api/types/swarm",
    "api/types/swarm/runtime",
    "api/types/time",
    "api/types/versions",
    "api/types/volume",
    "client",
    "daemon/caps"
  ]
  revision = "c5e7537d2305c1855f95422f08ca844d05a17aa2"

[[projects]]
  branch = "master"
  name = "github.com/docker/go-connections"
  packages = [
    "nat",
    "sockets",
    "tlsconfig"
  ]
  revision = "7beb39f0b969b075d1325fecb092faf27fd357b6"

[[projects]]
  branch = "master"
  name = "github.com/docker/go-units"
  packages = ["."]
  revision = "47565b4f722fb6ceae66b95f853feed578a4a51c"

[[projects]]
  name = "github.com/gogo/protobuf"
  packages = ["proto"]
  revision = "1adfc126b41513cc696b209667c8656ea7aac67c"
  version = "v1.0.0"

[[projects]]
  name = "github.com/opencontainers/go-digest"
  packages = ["."]
  revision = "279bed98673dd5bef374d3b6e4b09e2af76183bf"
  version = "v1.0.0-rc1"

[[projects]]
  name = "github.com/opencontainers/image-spec"
  packages = [
    "specs-go",
    "specs-go/v1"
  ]
  revision = "d60099175f88c47cd379c4738d158884749ed235"
  version = "v1.0.1"

[[projects]]
  branch = "master"
  name = "github.com/opencontainers/runc"
  packages = [
    "libcontainer/configs",
    "libcontainer/devices",
    "libcontainer/user"
  ]
  revision = "a618ab5a0186905949ee463dbb762c3d23e12a80"

[[projects]]
  branch = "master"
  name = "github.com/opencontainers/runtime-spec"
  packages = ["specs-go"]
  revision = "520c6348d6f3b5cfc1fb3bc13deb4df10c902215"

[[projects]]
  branch = "master"
  name = "github.com/opencontainers/selinux"
  packages = [
    "go-selinux",
    "go-selinux/label"
  ]
  revision = "76b408a8e68e301b8245ba414ab600a0d1d797d9"

[[projects]]
  name = "github.com/pkg/errors"
  packages = ["."]
  revision = "645ef00459ed84a119197bfb8d8205042c6df63d"
  version = "v0.8.0"

[[projects]]
  name = "github.com/sirupsen/logrus"
  packages = ["."]
  revision = "d682213848ed68c0a260ca37d6dd5ace8423f5ba"
  version = "v1.0.4"

[[projects]]
  branch = "master"
  name = "github.com/syndtr/gocapability"
  packages = ["capability"]
  revision = "db04d3cc01c8b54962a58ec7e491717d06cfcc16"

[[projects]]
  branch = "master"
  name = "golang.org/x/crypto"
  packages = ["ssh/terminal"]
  revision = "650f4a345ab4e5b245a3034b110ebc7299e68186"

[[projects]]
  branch = "master"
  name = "golang.org/x/net"
  packages = [
    "context",
    "context/ctxhttp",
    "proxy"
  ]
  revision = "136a25c244d3019482a795d728110278d6ba09a4"

[[projects]]
  branch = "master"
  name = "golang.org/x/sys"
  packages = [
    "unix",
    "windows"
  ]
  revision = "37707fdb30a5b38865cfb95e5aab41707daec7fd"

[solve-meta]
  analyzer-name = "dep"
  analyzer-version = 1
  inputs-digest = "b9fe314918c309f7f700ffae91b747d790bb6e28cf0bfb8d31b042d91f72ee28"
  solver-name = "gps-cdcl"
  solver-version = 1
